// !$*UTF8*$!
{
	archiveVersion = 1;
	classes = {
	};
	objectVersion = 52;
	objects = {

/* Begin PBXBuildFile section */
		67D8CA6925A07524009C5E02 /* UI_93App.swift in Sources */ = {isa = PBXBuildFile; fileRef = 67D8CA6825A07524009C5E02 /* UI_93App.swift */; };
		67D8CA6B25A07524009C5E02 /* ContentView.swift in Sources */ = {isa = PBXBuildFile; fileRef = 67D8CA6A25A07524009C5E02 /* ContentView.swift */; };
		67D8CA6D25A07528009C5E02 /* Assets.xcassets in Resources */ = {isa = PBXBuildFile; fileRef = 67D8CA6C25A07528009C5E02 /* Assets.xcassets */; };
		67D8CA7025A07528009C5E02 /* Preview Assets.xcassets in Resources */ = {isa = PBXBuildFile; fileRef = 67D8CA6F25A07528009C5E02 /* Preview Assets.xcassets */; };
		67D8CA7B25A07528009C5E02 /* UI_93Tests.swift in Sources */ = {isa = PBXBuildFile; fileRef = 67D8CA7A25A07528009C5E02 /* UI_93Tests.swift */; };
		67D8CA8625A07528009C5E02 /* UI_93UITests.swift in Sources */ = {isa = PBXBuildFile; fileRef = 67D8CA8525A07528009C5E02 /* UI_93UITests.swift */; };
		67D8CA9D25A07559009C5E02 /* Home.swift in Sources */ = {isa = PBXBuildFile; fileRef = 67D8CA9C25A07559009C5E02 /* Home.swift */; };
		67D8CAA325A07623009C5E02 /* SDWebImageSwiftUI in Frameworks */ = {isa = PBXBuildFile; productRef = 67D8CAA225A07623009C5E02 /* SDWebImageSwiftUI */; };
		67D8CAA825A07635009C5E02 /* Card.swift in Sources */ = {isa = PBXBuildFile; fileRef = 67D8CAA725A07635009C5E02 /* Card.swift */; };
		67D8CAAD25A076CF009C5E02 /* JsonViewModel.swift in Sources */ = {isa = PBXBuildFile; fileRef = 67D8CAAC25A076CF009C5E02 /* JsonViewModel.swift */; };
		67D8CABB25A07BCF009C5E02 /* Layout2.swift in Sources */ = {isa = PBXBuildFile; fileRef = 67D8CABA25A07BCF009C5E02 /* Layout2.swift */; };
		67D8CAC025A07BD8009C5E02 /* Layout3.swift in Sources */ = {isa = PBXBuildFile; fileRef = 67D8CABF25A07BD8009C5E02 /* Layout3.swift */; };
		67D8CAC825A07C54009C5E02 /* Layout1.swift in Sources */ = {isa = PBXBuildFile; fileRef = 67D8CAC725A07C54009C5E02 /* Layout1.swift */; };
		67D8CAD025A08F0E009C5E02 /* ContextModifier.swift in Sources */ = {isa = PBXBuildFile; fileRef = 67D8CACF25A08F0E009C5E02 /* ContextModifier.swift */; };
/* End PBXBuildFile section */

/* Begin PBXContainerItemProxy section */
		67D8CA7725A07528009C5E02 /* PBXContainerItemProxy */ = {
			isa = PBXContainerItemProxy;
			containerPortal = 67D8CA5D25A07524009C5E02 /* Project object */;
			proxyType = 1;
			remoteGlobalIDString = 67D8CA6425A07524009C5E02;
			remoteInfo = "UI-93";
		};
		67D8CA8225A07528009C5E02 /* PBXContainerItemProxy */ = {
			isa = PBXContainerItemProxy;
			containerPortal = 67D8CA5D25A07524009C5E02 /* Project object */;
			proxyType = 1;
			remoteGlobalIDString = 67D8CA6425A07524009C5E02;
			remoteInfo = "UI-93";
		};
/* End PBXContainerItemProxy section */

/* Begin PBXFileReference section */
		67D8CA6525A07524009C5E02 /* UI-93.app */ = {isa = PBXFileReference; explicitFileType = wrapper.application; includeInIndex = 0; path = "UI-93.app"; sourceTree = BUILT_PRODUCTS_DIR; };
		67D8CA6825A07524009C5E02 /* UI_93App.swift */ = {isa = PBXFileReference; lastKnownFileType = sourcecode.swift; path = UI_93App.swift; sourceTree = "<group>"; };
		67D8CA6A25A07524009C5E02 /* ContentView.swift */ = {isa = PBXFileReference; lastKnownFileType = sourcecode.swift; path = ContentView.swift; sourceTree = "<group>"; };
		67D8CA6C25A07528009C5E02 /* Assets.xcassets */ = {isa = PBXFileReference; lastKnownFileType = folder.assetcatalog; path = Assets.xcassets; sourceTree = "<group>"; };
		67D8CA6F25A07528009C5E02 /* Preview Assets.xcassets */ = {isa = PBXFileReference; lastKnownFileType = folder.assetcatalog; path = "Preview Assets.xcassets"; sourceTree = "<group>"; };
		67D8CA7125A07528009C5E02 /* Info.plist */ = {isa = PBXFileReference; lastKnownFileType = text.plist.xml; path = Info.plist; sourceTree = "<group>"; };
		67D8CA7625A07528009C5E02 /* UI-93Tests.xctest */ = {isa = PBXFileReference; explicitFileType = wrapper.cfbundle; includeInIndex = 0; path = "UI-93Tests.xctest"; sourceTree = BUILT_PRODUCTS_DIR; };
		67D8CA7A25A07528009C5E02 /* UI_93Tests.swift */ = {isa = PBXFileReference; lastKnownFileType = sourcecode.swift; path = UI_93Tests.swift; sourceTree = "<group>"; };
		67D8CA7C25A07528009C5E02 /* Info.plist */ = {isa = PBXFileReference; lastKnownFileType = text.plist.xml; path = Info.plist; sourceTree = "<group>"; };
		67D8CA8125A07528009C5E02 /* UI-93UITests.xctest */ = {isa = PBXFileReference; explicitFileType = wrapper.cfbundle; includeInIndex = 0; path = "UI-93UITests.xctest"; sourceTree = BUILT_PRODUCTS_DIR; };
		67D8CA8525A07528009C5E02 /* UI_93UITests.swift */ = {isa = PBXFileReference; lastKnownFileType = sourcecode.swift; path = UI_93UITests.swift; sourceTree = "<group>"; };
		67D8CA8725A07528009C5E02 /* Info.plist */ = {isa = PBXFileReference; lastKnownFileType = text.plist.xml; path = Info.plist; sourceTree = "<group>"; };
		67D8CA9C25A07559009C5E02 /* Home.swift */ = {isa = PBXFileReference; lastKnownFileType = sourcecode.swift; path = Home.swift; sourceTree = "<group>"; };
		67D8CAA725A07635009C5E02 /* Card.swift */ = {isa = PBXFileReference; lastKnownFileType = sourcecode.swift; path = Card.swift; sourceTree = "<group>"; };
		67D8CAAC25A076CF009C5E02 /* JsonViewModel.swift */ = {isa = PBXFileReference; lastKnownFileType = sourcecode.swift; path = JsonViewModel.swift; sourceTree = "<group>"; };
		67D8CABA25A07BCF009C5E02 /* Layout2.swift */ = {isa = PBXFileReference; lastKnownFileType = sourcecode.swift; path = Layout2.swift; sourceTree = "<group>"; };
		67D8CABF25A07BD8009C5E02 /* Layout3.swift */ = {isa = PBXFileReference; lastKnownFileType = sourcecode.swift; path = Layout3.swift; sourceTree = "<group>"; };
		67D8CAC725A07C54009C5E02 /* Layout1.swift */ = {isa = PBXFileReference; lastKnownFileType = sourcecode.swift; path = Layout1.swift; sourceTree = "<group>"; };
		67D8CACF25A08F0E009C5E02 /* ContextModifier.swift */ = {isa = PBXFileReference; lastKnownFileType = sourcecode.swift; path = ContextModifier.swift; sourceTree = "<group>"; };
/* End PBXFileReference section */

/* Begin PBXFrameworksBuildPhase section */
		67D8CA6225A07524009C5E02 /* Frameworks */ = {
			isa = PBXFrameworksBuildPhase;
			buildActionMask = 2147483647;
			files = (
				67D8CAA325A07623009C5E02 /* SDWebImageSwiftUI in Frameworks */,
			);
			runOnlyForDeploymentPostprocessing = 0;
		};
		67D8CA7325A07528009C5E02 /* Frameworks */ = {
			isa = PBXFrameworksBuildPhase;
			buildActionMask = 2147483647;
			files = (
			);
			runOnlyForDeploymentPostprocessing = 0;
		};
		67D8CA7E25A07528009C5E02 /* Frameworks */ = {
			isa = PBXFrameworksBuildPhase;
			buildActionMask = 2147483647;
			files = (
			);
			runOnlyForDeploymentPostprocessing = 0;
		};
/* End PBXFrameworksBuildPhase section */

/* Begin PBXGroup section */
		67D8CA5C25A07524009C5E02 = {
			isa = PBXGroup;
			children = (
				67D8CA6725A07524009C5E02 /* UI-93 */,
				67D8CA7925A07528009C5E02 /* UI-93Tests */,
				67D8CA8425A07528009C5E02 /* UI-93UITests */,
				67D8CA6625A07524009C5E02 /* Products */,
			);
			sourceTree = "<group>";
		};
		67D8CA6625A07524009C5E02 /* Products */ = {
			isa = PBXGroup;
			children = (
				67D8CA6525A07524009C5E02 /* UI-93.app */,
				67D8CA7625A07528009C5E02 /* UI-93Tests.xctest */,
				67D8CA8125A07528009C5E02 /* UI-93UITests.xctest */,
			);
			name = Products;
			sourceTree = "<group>";
		};
		67D8CA6725A07524009C5E02 /* UI-93 */ = {
			isa = PBXGroup;
			children = (
				67D8CA9825A07544009C5E02 /* ViewModel */,
				67D8CA9725A0753C009C5E02 /* Model */,
				67D8CA9625A07533009C5E02 /* View */,
				67D8CA6825A07524009C5E02 /* UI_93App.swift */,
				67D8CA6A25A07524009C5E02 /* ContentView.swift */,
				67D8CA6C25A07528009C5E02 /* Assets.xcassets */,
				67D8CA7125A07528009C5E02 /* Info.plist */,
				67D8CA6E25A07528009C5E02 /* Preview Content */,
			);
			path = "UI-93";
			sourceTree = "<group>";
		};
		67D8CA6E25A07528009C5E02 /* Preview Content */ = {
			isa = PBXGroup;
			children = (
				67D8CA6F25A07528009C5E02 /* Preview Assets.xcassets */,
			);
			path = "Preview Content";
			sourceTree = "<group>";
		};
		67D8CA7925A07528009C5E02 /* UI-93Tests */ = {
			isa = PBXGroup;
			children = (
				67D8CA7A25A07528009C5E02 /* UI_93Tests.swift */,
				67D8CA7C25A07528009C5E02 /* Info.plist */,
			);
			path = "UI-93Tests";
			sourceTree = "<group>";
		};
		67D8CA8425A07528009C5E02 /* UI-93UITests */ = {
			isa = PBXGroup;
			children = (
				67D8CA8525A07528009C5E02 /* UI_93UITests.swift */,
				67D8CA8725A07528009C5E02 /* Info.plist */,
			);
			path = "UI-93UITests";
			sourceTree = "<group>";
		};
		67D8CA9625A07533009C5E02 /* View */ = {
			isa = PBXGroup;
			children = (
				67D8CAB125A07BAE009C5E02 /* LayoutView */,
				67D8CA9C25A07559009C5E02 /* Home.swift */,
				67D8CACF25A08F0E009C5E02 /* ContextModifier.swift */,
			);
			path = View;
			sourceTree = "<group>";
		};
		67D8CA9725A0753C009C5E02 /* Model */ = {
			isa = PBXGroup;
			children = (
				67D8CAA725A07635009C5E02 /* Card.swift */,
			);
			path = Model;
			sourceTree = "<group>";
		};
		67D8CA9825A07544009C5E02 /* ViewModel */ = {
			isa = PBXGroup;
			children = (
				67D8CAAC25A076CF009C5E02 /* JsonViewModel.swift */,
			);
			path = ViewModel;
			sourceTree = "<group>";
		};
		67D8CAB125A07BAE009C5E02 /* LayoutView */ = {
			isa = PBXGroup;
			children = (
				67D8CAC725A07C54009C5E02 /* Layout1.swift */,
				67D8CABA25A07BCF009C5E02 /* Layout2.swift */,
				67D8CABF25A07BD8009C5E02 /* Layout3.swift */,
			);
			path = LayoutView;
			sourceTree = "<group>";
		};
/* End PBXGroup section */

/* Begin PBXNativeTarget section */
		67D8CA6425A07524009C5E02 /* UI-93 */ = {
			isa = PBXNativeTarget;
			buildConfigurationList = 67D8CA8A25A07528009C5E02 /* Build configuration list for PBXNativeTarget "UI-93" */;
			buildPhases = (
				67D8CA6125A07524009C5E02 /* Sources */,
				67D8CA6225A07524009C5E02 /* Frameworks */,
				67D8CA6325A07524009C5E02 /* Resources */,
			);
			buildRules = (
			);
			dependencies = (
			);
			name = "UI-93";
			packageProductDependencies = (
				67D8CAA225A07623009C5E02 /* SDWebImageSwiftUI */,
			);
			productName = "UI-93";
			productReference = 67D8CA6525A07524009C5E02 /* UI-93.app */;
			productType = "com.apple.product-type.application";
		};
		67D8CA7525A07528009C5E02 /* UI-93Tests */ = {
			isa = PBXNativeTarget;
			buildConfigurationList = 67D8CA8D25A07528009C5E02 /* Build configuration list for PBXNativeTarget "UI-93Tests" */;
			buildPhases = (
				67D8CA7225A07528009C5E02 /* Sources */,
				67D8CA7325A07528009C5E02 /* Frameworks */,
				67D8CA7425A07528009C5E02 /* Resources */,
			);
			buildRules = (
			);
			dependencies = (
				67D8CA7825A07528009C5E02 /* PBXTargetDependency */,
			);
			name = "UI-93Tests";
			productName = "UI-93Tests";
			productReference = 67D8CA7625A07528009C5E02 /* UI-93Tests.xctest */;
			productType = "com.apple.product-type.bundle.unit-test";
		};
		67D8CA8025A07528009C5E02 /* UI-93UITests */ = {
			isa = PBXNativeTarget;
			buildConfigurationList = 67D8CA9025A07528009C5E02 /* Build configuration list for PBXNativeTarget "UI-93UITests" */;
			buildPhases = (
				67D8CA7D25A07528009C5E02 /* Sources */,
				67D8CA7E25A07528009C5E02 /* Frameworks */,
				67D8CA7F25A07528009C5E02 /* Resources */,
			);
			buildRules = (
			);
			dependencies = (
				67D8CA8325A07528009C5E02 /* PBXTargetDependency */,
			);
			name = "UI-93UITests";
			productName = "UI-93UITests";
			productReference = 67D8CA8125A07528009C5E02 /* UI-93UITests.xctest */;
			productType = "com.apple.product-type.bundle.ui-testing";
		};
/* End PBXNativeTarget section */

/* Begin PBXProject section */
		67D8CA5D25A07524009C5E02 /* Project object */ = {
			isa = PBXProject;
			attributes = {
				LastSwiftUpdateCheck = 1230;
				LastUpgradeCheck = 1230;
				TargetAttributes = {
					67D8CA6425A07524009C5E02 = {
						CreatedOnToolsVersion = 12.3;
					};
					67D8CA7525A07528009C5E02 = {
						CreatedOnToolsVersion = 12.3;
						TestTargetID = 67D8CA6425A07524009C5E02;
					};
					67D8CA8025A07528009C5E02 = {
						CreatedOnToolsVersion = 12.3;
						TestTargetID = 67D8CA6425A07524009C5E02;
					};
				};
			};
			buildConfigurationList = 67D8CA6025A07524009C5E02 /* Build configuration list for PBXProject "UI-93" */;
			compatibilityVersion = "Xcode 9.3";
			developmentRegion = en;
			hasScannedForEncodings = 0;
			knownRegions = (
				en,
				Base,
			);
			mainGroup = 67D8CA5C25A07524009C5E02;
			packageReferences = (
				67D8CAA125A07623009C5E02 /* XCRemoteSwiftPackageReference "SDWebImageSwiftUI" */,
			);
			productRefGroup = 67D8CA6625A07524009C5E02 /* Products */;
			projectDirPath = "";
			projectRoot = "";
			targets = (
				67D8CA6425A07524009C5E02 /* UI-93 */,
				67D8CA7525A07528009C5E02 /* UI-93Tests */,
				67D8CA8025A07528009C5E02 /* UI-93UITests */,
			);
		};
/* End PBXProject section */

/* Begin PBXResourcesBuildPhase section */
		67D8CA6325A07524009C5E02 /* Resources */ = {
			isa = PBXResourcesBuildPhase;
			buildActionMask = 2147483647;
			files = (
				67D8CA7025A07528009C5E02 /* Preview Assets.xcassets in Resources */,
				67D8CA6D25A07528009C5E02 /* Assets.xcassets in Resources */,
			);
			runOnlyForDeploymentPostprocessing = 0;
		};
		67D8CA7425A07528009C5E02 /* Resources */ = {
			isa = PBXResourcesBuildPhase;
			buildActionMask = 2147483647;
			files = (
			);
			runOnlyForDeploymentPostprocessing = 0;
		};
		67D8CA7F25A07528009C5E02 /* Resources */ = {
			isa = PBXResourcesBuildPhase;
			buildActionMask = 2147483647;
			files = (
			);
			runOnlyForDeploymentPostprocessing = 0;
		};
/* End PBXResourcesBuildPhase section */

/* Begin PBXSourcesBuildPhase section */
		67D8CA6125A07524009C5E02 /* Sources */ = {
			isa = PBXSourcesBuildPhase;
			buildActionMask = 2147483647;
			files = (
				67D8CABB25A07BCF009C5E02 /* Layout2.swift in Sources */,
				67D8CAC025A07BD8009C5E02 /* Layout3.swift in Sources */,
				67D8CA6B25A07524009C5E02 /* ContentView.swift in Sources */,
				67D8CAD025A08F0E009C5E02 /* ContextModifier.swift in Sources */,
				67D8CA9D25A07559009C5E02 /* Home.swift in Sources */,
				67D8CA6925A07524009C5E02 /* UI_93App.swift in Sources */,
				67D8CAAD25A076CF009C5E02 /* JsonViewModel.swift in Sources */,
				67D8CAA825A07635009C5E02 /* Card.swift in Sources */,
				67D8CAC825A07C54009C5E02 /* Layout1.swift in Sources */,
			);
			runOnlyForDeploymentPostprocessing = 0;
		};
		67D8CA7225A07528009C5E02 /* Sources */ = {
			isa = PBXSourcesBuildPhase;
			buildActionMask = 2147483647;
			files = (
				67D8CA7B25A07528009C5E02 /* UI_93Tests.swift in Sources */,
			);
			runOnlyForDeploymentPostprocessing = 0;
		};
		67D8CA7D25A07528009C5E02 /* Sources */ = {
			isa = PBXSourcesBuildPhase;
			buildActionMask = 2147483647;
			files = (
				67D8CA8625A07528009C5E02 /* UI_93UITests.swift in Sources */,
			);
			runOnlyForDeploymentPostprocessing = 0;
		};
/* End PBXSourcesBuildPhase section */

/* Begin PBXTargetDependency section */
		67D8CA7825A07528009C5E02 /* PBXTargetDependency */ = {
			isa = PBXTargetDependency;
			target = 67D8CA6425A07524009C5E02 /* UI-93 */;
			targetProxy = 67D8CA7725A07528009C5E02 /* PBXContainerItemProxy */;
		};
		67D8CA8325A07528009C5E02 /* PBXTargetDependency */ = {
			isa = PBXTargetDependency;
			target = 67D8CA6425A07524009C5E02 /* UI-93 */;
			targetProxy = 67D8CA8225A07528009C5E02 /* PBXContainerItemProxy */;
		};
/* End PBXTargetDependency section */

/* Begin XCBuildConfiguration section */
		67D8CA8825A07528009C5E02 /* Debug */ = {
			isa = XCBuildConfiguration;
			buildSettings = {
				ALWAYS_SEARCH_USER_PATHS = NO;
				CLANG_ANALYZER_NONNULL = YES;
				CLANG_ANALYZER_NUMBER_OBJECT_CONVERSION = YES_AGGRESSIVE;
				CLANG_CXX_LANGUAGE_STANDARD = "gnu++14";
				CLANG_CXX_LIBRARY = "libc++";
				CLANG_ENABLE_MODULES = YES;
				CLANG_ENABLE_OBJC_ARC = YES;
				CLANG_ENABLE_OBJC_WEAK = YES;
				CLANG_WARN_BLOCK_CAPTURE_AUTORELEASING = YES;
				CLANG_WARN_BOOL_CONVERSION = YES;
				CLANG_WARN_COMMA = YES;
				CLANG_WARN_CONSTANT_CONVERSION = YES;
				CLANG_WARN_DEPRECATED_OBJC_IMPLEMENTATIONS = YES;
				CLANG_WARN_DIRECT_OBJC_ISA_USAGE = YES_ERROR;
				CLANG_WARN_DOCUMENTATION_COMMENTS = YES;
				CLANG_WARN_EMPTY_BODY = YES;
				CLANG_WARN_ENUM_CONVERSION = YES;
				CLANG_WARN_INFINITE_RECURSION = YES;
				CLANG_WARN_INT_CONVERSION = YES;
				CLANG_WARN_NON_LITERAL_NULL_CONVERSION = YES;
				CLANG_WARN_OBJC_IMPLICIT_RETAIN_SELF = YES;
				CLANG_WARN_OBJC_LITERAL_CONVERSION = YES;
				CLANG_WARN_OBJC_ROOT_CLASS = YES_ERROR;
				CLANG_WARN_QUOTED_INCLUDE_IN_FRAMEWORK_HEADER = YES;
				CLANG_WARN_RANGE_LOOP_ANALYSIS = YES;
				CLANG_WARN_STRICT_PROTOTYPES = YES;
				CLANG_WARN_SUSPICIOUS_MOVE = YES;
				CLANG_WARN_UNGUARDED_AVAILABILITY = YES_AGGRESSIVE;
				CLANG_WARN_UNREACHABLE_CODE = YES;
				CLANG_WARN__DUPLICATE_METHOD_MATCH = YES;
				COPY_PHASE_STRIP = NO;
				DEBUG_INFORMATION_FORMAT = dwarf;
				ENABLE_STRICT_OBJC_MSGSEND = YES;
				ENABLE_TESTABILITY = YES;
				GCC_C_LANGUAGE_STANDARD = gnu11;
				GCC_DYNAMIC_NO_PIC = NO;
				GCC_NO_COMMON_BLOCKS = YES;
				GCC_OPTIMIZATION_LEVEL = 0;
				GCC_PREPROCESSOR_DEFINITIONS = (
					"DEBUG=1",
					"$(inherited)",
				);
				GCC_WARN_64_TO_32_BIT_CONVERSION = YES;
				GCC_WARN_ABOUT_RETURN_TYPE = YES_ERROR;
				GCC_WARN_UNDECLARED_SELECTOR = YES;
				GCC_WARN_UNINITIALIZED_AUTOS = YES_AGGRESSIVE;
				GCC_WARN_UNUSED_FUNCTION = YES;
				GCC_WARN_UNUSED_VARIABLE = YES;
				IPHONEOS_DEPLOYMENT_TARGET = 14.3;
				MTL_ENABLE_DEBUG_INFO = INCLUDE_SOURCE;
				MTL_FAST_MATH = YES;
				ONLY_ACTIVE_ARCH = YES;
				SDKROOT = iphoneos;
				SWIFT_ACTIVE_COMPILATION_CONDITIONS = DEBUG;
				SWIFT_OPTIMIZATION_LEVEL = "-Onone";
			};
			name = Debug;
		};
		67D8CA8925A07528009C5E02 /* Release */ = {
			isa = XCBuildConfiguration;
			buildSettings = {
				ALWAYS_SEARCH_USER_PATHS = NO;
				CLANG_ANALYZER_NONNULL = YES;
				CLANG_ANALYZER_NUMBER_OBJECT_CONVERSION = YES_AGGRESSIVE;
				CLANG_CXX_LANGUAGE_STANDARD = "gnu++14";
				CLANG_CXX_LIBRARY = "libc++";
				CLANG_ENABLE_MODULES = YES;
				CLANG_ENABLE_OBJC_ARC = YES;
				CLANG_ENABLE_OBJC_WEAK = YES;
				CLANG_WARN_BLOCK_CAPTURE_AUTORELEASING = YES;
				CLANG_WARN_BOOL_CONVERSION = YES;
				CLANG_WARN_COMMA = YES;
				CLANG_WARN_CONSTANT_CONVERSION = YES;
				CLANG_WARN_DEPRECATED_OBJC_IMPLEMENTATIONS = YES;
				CLANG_WARN_DIRECT_OBJC_ISA_USAGE = YES_ERROR;
				CLANG_WARN_DOCUMENTATION_COMMENTS = YES;
				CLANG_WARN_EMPTY_BODY = YES;
				CLANG_WARN_ENUM_CONVERSION = YES;
				CLANG_WARN_INFINITE_RECURSION = YES;
				CLANG_WARN_INT_CONVERSION = YES;
				CLANG_WARN_NON_LITERAL_NULL_CONVERSION = YES;
				CLANG_WARN_OBJC_IMPLICIT_RETAIN_SELF = YES;
				CLANG_WARN_OBJC_LITERAL_CONVERSION = YES;
				CLANG_WARN_OBJC_ROOT_CLASS = YES_ERROR;
				CLANG_WARN_QUOTED_INCLUDE_IN_FRAMEWORK_HEADER = YES;
				CLANG_WARN_RANGE_LOOP_ANALYSIS = YES;
				CLANG_WARN_STRICT_PROTOTYPES = YES;
				CLANG_WARN_SUSPICIOUS_MOVE = YES;
				CLANG_WARN_UNGUARDED_AVAILABILITY = YES_AGGRESSIVE;
				CLANG_WARN_UNREACHABLE_CODE = YES;
				CLANG_WARN__DUPLICATE_METHOD_MATCH = YES;
				COPY_PHASE_STRIP = NO;
				DEBUG_INFORMATION_FORMAT = "dwarf-with-dsym";
				ENABLE_NS_ASSERTIONS = NO;
				ENABLE_STRICT_OBJC_MSGSEND = YES;
				GCC_C_LANGUAGE_STANDARD = gnu11;
				GCC_NO_COMMON_BLOCKS = YES;
				GCC_WARN_64_TO_32_BIT_CONVERSION = YES;
				GCC_WARN_ABOUT_RETURN_TYPE = YES_ERROR;
				GCC_WARN_UNDECLARED_SELECTOR = YES;
				GCC_WARN_UNINITIALIZED_AUTOS = YES_AGGRESSIVE;
				GCC_WARN_UNUSED_FUNCTION = YES;
				GCC_WARN_UNUSED_VARIABLE = YES;
				IPHONEOS_DEPLOYMENT_TARGET = 14.3;
				MTL_ENABLE_DEBUG_INFO = NO;
				MTL_FAST_MATH = YES;
				SDKROOT = iphoneos;
				SWIFT_COMPILATION_MODE = wholemodule;
				SWIFT_OPTIMIZATION_LEVEL = "-O";
				VALIDATE_PRODUCT = YES;
			};
			name = Release;
		};
		67D8CA8B25A07528009C5E02 /* Debug */ = {
			isa = XCBuildConfiguration;
			buildSettings = {
				ASSETCATALOG_COMPILER_APPICON_NAME = AppIcon;
				ASSETCATALOG_COMPILER_GLOBAL_ACCENT_COLOR_NAME = AccentColor;
				CODE_SIGN_STYLE = Automatic;
				DEVELOPMENT_ASSET_PATHS = "\"UI-93/Preview Content\"";
				ENABLE_PREVIEWS = YES;
				INFOPLIST_FILE = "UI-93/Info.plist";
				IPHONEOS_DEPLOYMENT_TARGET = 14.0;
				LD_RUNPATH_SEARCH_PATHS = (
					"$(inherited)",
					"@executable_path/Frameworks",
				);
				PRODUCT_BUNDLE_IDENTIFIER = "com.uzu.UI-93";
				PRODUCT_NAME = "$(TARGET_NAME)";
				SWIFT_VERSION = 5.0;
				TARGETED_DEVICE_FAMILY = "1,2";
			};
			name = Debug;
		};
		67D8CA8C25A07528009C5E02 /* Release */ = {
			isa = XCBuildConfiguration;
			buildSettings = {
				ASSETCATALOG_COMPILER_APPICON_NAME = AppIcon;
				ASSETCATALOG_COMPILER_GLOBAL_ACCENT_COLOR_NAME = AccentColor;
				CODE_SIGN_STYLE = Automatic;
				DEVELOPMENT_ASSET_PATHS = "\"UI-93/Preview Content\"";
				ENABLE_PREVIEWS = YES;
				INFOPLIST_FILE = "UI-93/Info.plist";
				IPHONEOS_DEPLOYMENT_TARGET = 14.0;
				LD_RUNPATH_SEARCH_PATHS = (
					"$(inherited)",
					"@executable_path/Frameworks",
				);
				PRODUCT_BUNDLE_IDENTIFIER = "com.uzu.UI-93";
				PRODUCT_NAME = "$(TARGET_NAME)";
				SWIFT_VERSION = 5.0;
				TARGETED_DEVICE_FAMILY = "1,2";
			};
			name = Release;
		};
		67D8CA8E25A07528009C5E02 /* Debug */ = {
			isa = XCBuildConfiguration;
			buildSettings = {
				ALWAYS_EMBED_SWIFT_STANDARD_LIBRARIES = YES;
				BUNDLE_LOADER = "$(TEST_HOST)";
				CODE_SIGN_STYLE = Automatic;
				INFOPLIST_FILE = "UI-93Tests/Info.plist";
				IPHONEOS_DEPLOYMENT_TARGET = 14.0;
				LD_RUNPATH_SEARCH_PATHS = (
					"$(inherited)",
					"@executable_path/Frameworks",
					"@loader_path/Frameworks",
				);
				PRODUCT_BUNDLE_IDENTIFIER = "com.uzu.UI-93Tests";
				PRODUCT_NAME = "$(TARGET_NAME)";
				SWIFT_VERSION = 5.0;
				TARGETED_DEVICE_FAMILY = "1,2";
				TEST_HOST = "$(BUILT_PRODUCTS_DIR)/UI-93.app/UI-93";
			};
			name = Debug;
		};
		67D8CA8F25A07528009C5E02 /* Release */ = {
			isa = XCBuildConfiguration;
			buildSettings = {
				ALWAYS_EMBED_SWIFT_STANDARD_LIBRARIES = YES;
				BUNDLE_LOADER = "$(TEST_HOST)";
				CODE_SIGN_STYLE = Automatic;
				INFOPLIST_FILE = "UI-93Tests/Info.plist";
				IPHONEOS_DEPLOYMENT_TARGET = 14.0;
				LD_RUNPATH_SEARCH_PATHS = (
					"$(inherited)",
					"@executable_path/Frameworks",
					"@loader_path/Frameworks",
				);
				PRODUCT_BUNDLE_IDENTIFIER = "com.uzu.UI-93Tests";
				PRODUCT_NAME = "$(TARGET_NAME)";
				SWIFT_VERSION = 5.0;
				TARGETED_DEVICE_FAMILY = "1,2";
				TEST_HOST = "$(BUILT_PRODUCTS_DIR)/UI-93.app/UI-93";
			};
			name = Release;
		};
		67D8CA9125A07528009C5E02 /* Debug */ = {
			isa = XCBuildConfiguration;
			buildSettings = {
				ALWAYS_EMBED_SWIFT_STANDARD_LIBRARIES = YES;
				CODE_SIGN_STYLE = Automatic;
				INFOPLIST_FILE = "UI-93UITests/Info.plist";
				LD_RUNPATH_SEARCH_PATHS = (
					"$(inherited)",
					"@executable_path/Frameworks",
					"@loader_path/Frameworks",
				);
				PRODUCT_BUNDLE_IDENTIFIER = "com.uzu.UI-93UITests";
				PRODUCT_NAME = "$(TARGET_NAME)";
				SWIFT_VERSION = 5.0;
				TARGETED_DEVICE_FAMILY = "1,2";
				TEST_TARGET_NAME = "UI-93";
			};
			name = Debug;
		};
		67D8CA9225A07528009C5E02 /* Release */ = {
			isa = XCBuildConfiguration;
			buildSettings = {
				ALWAYS_EMBED_SWIFT_STANDARD_LIBRARIES = YES;
				CODE_SIGN_STYLE = Automatic;
				INFOPLIST_FILE = "UI-93UITests/Info.plist";
				LD_RUNPATH_SEARCH_PATHS = (
					"$(inherited)",
					"@executable_path/Frameworks",
					"@loader_path/Frameworks",
				);
				PRODUCT_BUNDLE_IDENTIFIER = "com.uzu.UI-93UITests";
				PRODUCT_NAME = "$(TARGET_NAME)";
				SWIFT_VERSION = 5.0;
				TARGETED_DEVICE_FAMILY = "1,2";
				TEST_TARGET_NAME = "UI-93";
			};
			name = Release;
		};
/* End XCBuildConfiguration section */

/* Begin XCConfigurationList section */
		67D8CA6025A07524009C5E02 /* Build configuration list for PBXProject "UI-93" */ = {
			isa = XCConfigurationList;
			buildConfigurations = (
				67D8CA8825A07528009C5E02 /* Debug */,
				67D8CA8925A07528009C5E02 /* Release */,
			);
			defaultConfigurationIsVisible = 0;
			defaultConfigurationName = Release;
		};
		67D8CA8A25A07528009C5E02 /* Build configuration list for PBXNativeTarget "UI-93" */ = {
			isa = XCConfigurationList;
			buildConfigurations = (
				67D8CA8B25A07528009C5E02 /* Debug */,
				67D8CA8C25A07528009C5E02 /* Release */,
			);
			defaultConfigurationIsVisible = 0;
			defaultConfigurationName = Release;
		};
		67D8CA8D25A07528009C5E02 /* Build configuration list for PBXNativeTarget "UI-93Tests" */ = {
			isa = XCConfigurationList;
			buildConfigurations = (
				67D8CA8E25A07528009C5E02 /* Debug */,
				67D8CA8F25A07528009C5E02 /* Release */,
			);
			defaultConfigurationIsVisible = 0;
			defaultConfigurationName = Release;
		};
		67D8CA9025A07528009C5E02 /* Build configuration list for PBXNativeTarget "UI-93UITests" */ = {
			isa = XCConfigurationList;
			buildConfigurations = (
				67D8CA9125A07528009C5E02 /* Debug */,
				67D8CA9225A07528009C5E02 /* Release */,
			);
			defaultConfigurationIsVisible = 0;
			defaultConfigurationName = Release;
		};
/* End XCConfigurationList section */

/* Begin XCRemoteSwiftPackageReference section */
		67D8CAA125A07623009C5E02 /* XCRemoteSwiftPackageReference "SDWebImageSwiftUI" */ = {
			isa = XCRemoteSwiftPackageReference;
			repositoryURL = "https://github.com/SDWebImage/SDWebImageSwiftUI.git";
			requirement = {
				kind = upToNextMajorVersion;
				minimumVersion = 1.5.0;
			};
		};
/* End XCRemoteSwiftPackageReference section */

/* Begin XCSwiftPackageProductDependency section */
		67D8CAA225A07623009C5E02 /* SDWebImageSwiftUI */ = {
			isa = XCSwiftPackageProductDependency;
			package = 67D8CAA125A07623009C5E02 /* XCRemoteSwiftPackageReference "SDWebImageSwiftUI" */;
			productName = SDWebImageSwiftUI;
		};
/* End XCSwiftPackageProductDependency section */
	};
	rootObject = 67D8CA5D25A07524009C5E02 /* Project object */;
}
